{
  "lockfileVersion": 1,
  "configVersion": 1,
  "workspaces": {
    "": {
      "name": "astroz",
      "devDependencies": {
        "satellite.js": "^7.1.0",
        "typescript": "^5.6.0",
      },
    },
  },
  "packages": {
    "satellite.js": ["satellite.js@7.1.0", "", {}, "sha512-U6nRml9Nb7dV9LJPiMNPyna7U7ry+1nXYkOeCEG7K/YbojQQLHHmcjPisp03VNY+HLcbQHqbt7t4t1vQMaKCLQ=="],

    "typescript": ["typescript@5.9.3", "", { "bin": { "tsc": "bin/tsc", "tsserver": "bin/tsserver" } }, "sha512-jl1vZzPDinLr9eUt3J/t7V6FgNEw9QjvBPdysz9KfQDD41fQrC2Y4vKQdiaUpFT4bXlb1RHhLpp8wtm6M5TgSw=="],
  }
}
